
Microsoft Visual Studio Solution File, Format Version 12.00
# Visual Studio 15
VisualStudioVersion = 15.0.26430.15
MinimumVisualStudioVersion = 10.0.40219.1
Project("{FAE04EC0-301F-11D3-BF4B-00C04F79EFBC}") = "ConverterTemperature.Android", "ConverterTemperature\ConverterTemperature.Android\ConverterTemperature.Android.csproj", "{DCBBFE86-75C6-4FED-BAF5-FB63223BD60E}"
EndProject
Project("{FAE04EC0-301F-11D3-BF4B-00C04F79EFBC}") = "ConverterTemperature", "ConverterTemperature\ConverterTemperature\ConverterTemperature.csproj", "{42228C7C-9862-4043-9424-11EF1E8B7744}"
EndProject
Project("{FAE04EC0-301F-11D3-BF4B-00C04F79EFBC}") = "ConverterTemperature.UWP", "ConverterTemperature\ConverterTemperature.UWP\ConverterTemperature.UWP.csproj", "{DF5EF781-5115-46DD-8AC3-C4A592BACFC8}"
EndProject
Project("{FAE04EC0-301F-11D3-BF4B-00C04F79EFBC}") = "ConverterTemperature.iOS", "ConverterTemperature\ConverterTemperature.iOS\ConverterTemperature.iOS.csproj", "{ADAA1A2E-C181-4039-80FD-DD2F8649B78F}"
EndProject
Global
	GlobalSection(SolutionConfigurationPlatforms) = preSolution
		Ad-Hoc|Any CPU = Ad-Hoc|Any CPU
		Ad-Hoc|ARM = Ad-Hoc|ARM
		Ad-Hoc|iPhone = Ad-Hoc|iPhone
		Ad-Hoc|iPhoneSimulator = Ad-Hoc|iPhoneSimulator
		Ad-Hoc|x64 = Ad-Hoc|x64
		Ad-Hoc|x86 = Ad-Hoc|x86
		AppStore|Any CPU = AppStore|Any CPU
		AppStore|ARM = AppStore|ARM
		AppStore|iPhone = AppStore|iPhone
		AppStore|iPhoneSimulator = AppStore|iPhoneSimulator
		AppStore|x64 = AppStore|x64
		AppStore|x86 = AppStore|x86
		Debug|Any CPU = Debug|Any CPU
		Debug|ARM = Debug|ARM
		Debug|iPhone = Debug|iPhone
		Debug|iPhoneSimulator = Debug|iPhoneSimulator
		Debug|x64 = Debug|x64
		Debug|x86 = Debug|x86
		Release|Any CPU = Release|Any CPU
		Release|ARM = Release|ARM
		Release|iPhone = Release|iPhone
		Release|iPhoneSimulator = Release|iPhoneSimulator
		Release|x64 = Release|x64
		Release|x86 = Release|x86
	EndGlobalSection
	GlobalSection(ProjectConfigurationPlatforms) = postSolution
		{DCBBFE86-75C6-4FED-BAF5-FB63223BD60E}.Ad-Hoc|Any CPU.ActiveCfg = Release|Any CPU
		{DCBBFE86-75C6-4FED-BAF5-FB63223BD60E}.Ad-Hoc|Any CPU.Build.0 = Release|Any CPU
		{DCBBFE86-75C6-4FED-BAF5-FB63223BD60E}.Ad-Hoc|Any CPU.Deploy.0 = Release|Any CPU
		{DCBBFE86-75C6-4FED-BAF5-FB63223BD60E}.Ad-Hoc|ARM.ActiveCfg = Release|Any CPU
		{DCBBFE86-75C6-4FED-BAF5-FB63223BD60E}.Ad-Hoc|ARM.Build.0 = Release|Any CPU
		{DCBBFE86-75C6-4FED-BAF5-FB63223BD60E}.Ad-Hoc|ARM.Deploy.0 = Release|Any CPU
		{DCBBFE86-75C6-4FED-BAF5-FB63223BD60E}.Ad-Hoc|iPhone.ActiveCfg = Release|Any CPU
		{DCBBFE86-75C6-4FED-BAF5-FB63223BD60E}.Ad-Hoc|iPhone.Build.0 = Release|Any CPU
		{DCBBFE86-75C6-4FED-BAF5-FB63223BD60E}.Ad-Hoc|iPhone.Deploy.0 = Release|Any CPU
		{DCBBFE86-75C6-4FED-BAF5-FB63223BD60E}.Ad-Hoc|iPhoneSimulator.ActiveCfg = Release|Any CPU
		{DCBBFE86-75C6-4FED-BAF5-FB63223BD60E}.Ad-Hoc|iPhoneSimulator.Build.0 = Release|Any CPU
		{DCBBFE86-75C6-4FED-BAF5-FB63223BD60E}.Ad-Hoc|iPhoneSimulator.Deploy.0 = Release|Any CPU
		{DCBBFE86-75C6-4FED-BAF5-FB63223BD60E}.Ad-Hoc|x64.ActiveCfg = Release|Any CPU
		{DCBBFE86-75C6-4FED-BAF5-FB63223BD60E}.Ad-Hoc|x64.Build.0 = Release|Any CPU
		{DCBBFE86-75C6-4FED-BAF5-FB63223BD60E}.Ad-Hoc|x64.Deploy.0 = Release|Any CPU
		{DCBBFE86-75C6-4FED-BAF5-FB63223BD60E}.Ad-Hoc|x86.ActiveCfg = Release|Any CPU
		{DCBBFE86-75C6-4FED-BAF5-FB63223BD60E}.Ad-Hoc|x86.Build.0 = Release|Any CPU
		{DCBBFE86-75C6-4FED-BAF5-FB63223BD60E}.Ad-Hoc|x86.Deploy.0 = Release|Any CPU
		{DCBBFE86-75C6-4FED-BAF5-FB63223BD60E}.AppStore|Any CPU.ActiveCfg = Release|Any CPU
		{DCBBFE86-75C6-4FED-BAF5-FB63223BD60E}.AppStore|Any CPU.Build.0 = Release|Any CPU
		{DCBBFE86-75C6-4FED-BAF5-FB63223BD60E}.AppStore|Any CPU.Deploy.0 = Release|Any CPU
		{DCBBFE86-75C6-4FED-BAF5-FB63223BD60E}.AppStore|ARM.ActiveCfg = Release|Any CPU
		{DCBBFE86-75C6-4FED-BAF5-FB63223BD60E}.AppStore|ARM.Build.0 = Release|Any CPU
		{DCBBFE86-75C6-4FED-BAF5-FB63223BD60E}.AppStore|ARM.Deploy.0 = Release|Any CPU
		{DCBBFE86-75C6-4FED-BAF5-FB63223BD60E}.AppStore|iPhone.ActiveCfg = Release|Any CPU
		{DCBBFE86-75C6-4FED-BAF5-FB63223BD60E}.AppStore|iPhone.Build.0 = Release|Any CPU
		{DCBBFE86-75C6-4FED-BAF5-FB63223BD60E}.AppStore|iPhone.Deploy.0 = Release|Any CPU
		{DCBBFE86-75C6-4FED-BAF5-FB63223BD60E}.AppStore|iPhoneSimulator.ActiveCfg = Release|Any CPU
		{DCBBFE86-75C6-4FED-BAF5-FB63223BD60E}.AppStore|iPhoneSimulator.Build.0 = Release|Any CPU
		{DCBBFE86-75C6-4FED-BAF5-FB63223BD60E}.AppStore|iPhoneSimulator.Deploy.0 = Release|Any CPU
		{DCBBFE86-75C6-4FED-BAF5-FB63223BD60E}.AppStore|x64.ActiveCfg = Release|Any CPU
		{DCBBFE86-75C6-4FED-BAF5-FB63223BD60E}.AppStore|x64.Build.0 = Release|Any CPU
		{DCBBFE86-75C6-4FED-BAF5-FB63223BD60E}.AppStore|x64.Deploy.0 = Release|Any CPU
		{DCBBFE86-75C6-4FED-BAF5-FB63223BD60E}.AppStore|x86.ActiveCfg = Release|Any CPU
		{DCBBFE86-75C6-4FED-BAF5-FB63223BD60E}.AppStore|x86.Build.0 = Release|Any CPU
		{DCBBFE86-75C6-4FED-BAF5-FB63223BD60E}.AppStore|x86.Deploy.0 = Release|Any CPU
		{DCBBFE86-75C6-4FED-BAF5-FB63223BD60E}.Debug|Any CPU.ActiveCfg = Debug|Any CPU
		{DCBBFE86-75C6-4FED-BAF5-FB63223BD60E}.Debug|Any CPU.Build.0 = Debug|Any CPU
		{DCBBFE86-75C6-4FED-BAF5-FB63223BD60E}.Debug|Any CPU.Deploy.0 = Debug|Any CPU
		{DCBBFE86-75C6-4FED-BAF5-FB63223BD60E}.Debug|ARM.ActiveCfg = Debug|Any CPU
		{DCBBFE86-75C6-4FED-BAF5-FB63223BD60E}.Debug|ARM.Build.0 = Debug|Any CPU
		{DCBBFE86-75C6-4FED-BAF5-FB63223BD60E}.Debug|ARM.Deploy.0 = Debug|Any CPU
		{DCBBFE86-75C6-4FED-BAF5-FB63223BD60E}.Debug|iPhone.ActiveCfg = Debug|Any CPU
		{DCBBFE86-75C6-4FED-BAF5-FB63223BD60E}.Debug|iPhone.Build.0 = Debug|Any CPU
		{DCBBFE86-75C6-4FED-BAF5-FB63223BD60E}.Debug|iPhone.Deploy.0 = Debug|Any CPU
		{DCBBFE86-75C6-4FED-BAF5-FB63223BD60E}.Debug|iPhoneSimulator.ActiveCfg = Debug|Any CPU
		{DCBBFE86-75C6-4FED-BAF5-FB63223BD60E}.Debug|iPhoneSimulator.Build.0 = Debug|Any CPU
		{DCBBFE86-75C6-4FED-BAF5-FB63223BD60E}.Debug|iPhoneSimulator.Deploy.0 = Debug|Any CPU
		{DCBBFE86-75C6-4FED-BAF5-FB63223BD60E}.Debug|x64.ActiveCfg = Debug|Any CPU
		{DCBBFE86-75C6-4FED-BAF5-FB63223BD60E}.Debug|x64.Build.0 = Debug|Any CPU
		{DCBBFE86-75C6-4FED-BAF5-FB63223BD60E}.Debug|x64.Deploy.0 = Debug|Any CPU
		{DCBBFE86-75C6-4FED-BAF5-FB63223BD60E}.Debug|x86.ActiveCfg = Debug|Any CPU
		{DCBBFE86-75C6-4FED-BAF5-FB63223BD60E}.Debug|x86.Build.0 = Debug|Any CPU
		{DCBBFE86-75C6-4FED-BAF5-FB63223BD60E}.Debug|x86.Deploy.0 = Debug|Any CPU
		{DCBBFE86-75C6-4FED-BAF5-FB63223BD60E}.Release|Any CPU.ActiveCfg = Release|Any CPU
		{DCBBFE86-75C6-4FED-BAF5-FB63223BD60E}.Release|Any CPU.Build.0 = Release|Any CPU
		{DCBBFE86-75C6-4FED-BAF5-FB63223BD60E}.Release|Any CPU.Deploy.0 = Release|Any CPU
		{DCBBFE86-75C6-4FED-BAF5-FB63223BD60E}.Release|ARM.ActiveCfg = Release|Any CPU
		{DCBBFE86-75C6-4FED-BAF5-FB63223BD60E}.Release|ARM.Build.0 = Release|Any CPU
		{DCBBFE86-75C6-4FED-BAF5-FB63223BD60E}.Release|ARM.Deploy.0 = Release|Any CPU
		{DCBBFE86-75C6-4FED-BAF5-FB63223BD60E}.Release|iPhone.ActiveCfg = Release|Any CPU
		{DCBBFE86-75C6-4FED-BAF5-FB63223BD60E}.Release|iPhone.Build.0 = Release|Any CPU
		{DCBBFE86-75C6-4FED-BAF5-FB63223BD60E}.Release|iPhone.Deploy.0 = Release|Any CPU
		{DCBBFE86-75C6-4FED-BAF5-FB63223BD60E}.Release|iPhoneSimulator.ActiveCfg = Release|Any CPU
		{DCBBFE86-75C6-4FED-BAF5-FB63223BD60E}.Release|iPhoneSimulator.Build.0 = Release|Any CPU
		{DCBBFE86-75C6-4FED-BAF5-FB63223BD60E}.Release|iPhoneSimulator.Deploy.0 = Release|Any CPU
		{DCBBFE86-75C6-4FED-BAF5-FB63223BD60E}.Release|x64.ActiveCfg = Release|Any CPU
		{DCBBFE86-75C6-4FED-BAF5-FB63223BD60E}.Release|x64.Build.0 = Release|Any CPU
		{DCBBFE86-75C6-4FED-BAF5-FB63223BD60E}.Release|x64.Deploy.0 = Release|Any CPU
		{DCBBFE86-75C6-4FED-BAF5-FB63223BD60E}.Release|x86.ActiveCfg = Release|Any CPU
		{DCBBFE86-75C6-4FED-BAF5-FB63223BD60E}.Release|x86.Build.0 = Release|Any CPU
		{DCBBFE86-75C6-4FED-BAF5-FB63223BD60E}.Release|x86.Deploy.0 = Release|Any CPU
		{42228C7C-9862-4043-9424-11EF1E8B7744}.Ad-Hoc|Any CPU.ActiveCfg = Release|Any CPU
		{42228C7C-9862-4043-9424-11EF1E8B7744}.Ad-Hoc|Any CPU.Build.0 = Release|Any CPU
		{42228C7C-9862-4043-9424-11EF1E8B7744}.Ad-Hoc|ARM.ActiveCfg = Release|Any CPU
		{42228C7C-9862-4043-9424-11EF1E8B7744}.Ad-Hoc|ARM.Build.0 = Release|Any CPU
		{42228C7C-9862-4043-9424-11EF1E8B7744}.Ad-Hoc|iPhone.ActiveCfg = Release|Any CPU
		{42228C7C-9862-4043-9424-11EF1E8B7744}.Ad-Hoc|iPhone.Build.0 = Release|Any CPU
		{42228C7C-9862-4043-9424-11EF1E8B7744}.Ad-Hoc|iPhoneSimulator.ActiveCfg = Release|Any CPU
		{42228C7C-9862-4043-9424-11EF1E8B7744}.Ad-Hoc|iPhoneSimulator.Build.0 = Release|Any CPU
		{42228C7C-9862-4043-9424-11EF1E8B7744}.Ad-Hoc|x64.ActiveCfg = Release|Any CPU
		{42228C7C-9862-4043-9424-11EF1E8B7744}.Ad-Hoc|x64.Build.0 = Release|Any CPU
		{42228C7C-9862-4043-9424-11EF1E8B7744}.Ad-Hoc|x86.ActiveCfg = Release|Any CPU
		{42228C7C-9862-4043-9424-11EF1E8B7744}.Ad-Hoc|x86.Build.0 = Release|Any CPU
		{42228C7C-9862-4043-9424-11EF1E8B7744}.AppStore|Any CPU.ActiveCfg = Release|Any CPU
		{42228C7C-9862-4043-9424-11EF1E8B7744}.AppStore|Any CPU.Build.0 = Release|Any CPU
		{42228C7C-9862-4043-9424-11EF1E8B7744}.AppStore|ARM.ActiveCfg = Release|Any CPU
		{42228C7C-9862-4043-9424-11EF1E8B7744}.AppStore|ARM.Build.0 = Release|Any CPU
		{42228C7C-9862-4043-9424-11EF1E8B7744}.AppStore|iPhone.ActiveCfg = Release|Any CPU
		{42228C7C-9862-4043-9424-11EF1E8B7744}.AppStore|iPhone.Build.0 = Release|Any CPU
		{42228C7C-9862-4043-9424-11EF1E8B7744}.AppStore|iPhoneSimulator.ActiveCfg = Release|Any CPU
		{42228C7C-9862-4043-9424-11EF1E8B7744}.AppStore|iPhoneSimulator.Build.0 = Release|Any CPU
		{42228C7C-9862-4043-9424-11EF1E8B7744}.AppStore|x64.ActiveCfg = Release|Any CPU
		{42228C7C-9862-4043-9424-11EF1E8B7744}.AppStore|x64.Build.0 = Release|Any CPU
		{42228C7C-9862-4043-9424-11EF1E8B7744}.AppStore|x86.ActiveCfg = Release|Any CPU
		{42228C7C-9862-4043-9424-11EF1E8B7744}.AppStore|x86.Build.0 = Release|Any CPU
		{42228C7C-9862-4043-9424-11EF1E8B7744}.Debug|Any CPU.ActiveCfg = Debug|Any CPU
		{42228C7C-9862-4043-9424-11EF1E8B7744}.Debug|Any CPU.Build.0 = Debug|Any CPU
		{42228C7C-9862-4043-9424-11EF1E8B7744}.Debug|ARM.ActiveCfg = Debug|Any CPU
		{42228C7C-9862-4043-9424-11EF1E8B7744}.Debug|ARM.Build.0 = Debug|Any CPU
		{42228C7C-9862-4043-9424-11EF1E8B7744}.Debug|iPhone.ActiveCfg = Debug|Any CPU
		{42228C7C-9862-4043-9424-11EF1E8B7744}.Debug|iPhone.Build.0 = Debug|Any CPU
		{42228C7C-9862-4043-9424-11EF1E8B7744}.Debug|iPhoneSimulator.ActiveCfg = Debug|Any CPU
		{42228C7C-9862-4043-9424-11EF1E8B7744}.Debug|iPhoneSimulator.Build.0 = Debug|Any CPU
		{42228C7C-9862-4043-9424-11EF1E8B7744}.Debug|x64.ActiveCfg = Debug|Any CPU
		{42228C7C-9862-4043-9424-11EF1E8B7744}.Debug|x64.Build.0 = Debug|Any CPU
		{42228C7C-9862-4043-9424-11EF1E8B7744}.Debug|x86.ActiveCfg = Debug|Any CPU
		{42228C7C-9862-4043-9424-11EF1E8B7744}.Debug|x86.Build.0 = Debug|Any CPU
		{42228C7C-9862-4043-9424-11EF1E8B7744}.Release|Any CPU.ActiveCfg = Release|Any CPU
		{42228C7C-9862-4043-9424-11EF1E8B7744}.Release|Any CPU.Build.0 = Release|Any CPU
		{42228C7C-9862-4043-9424-11EF1E8B7744}.Release|ARM.ActiveCfg = Release|Any CPU
		{42228C7C-9862-4043-9424-11EF1E8B7744}.Release|ARM.Build.0 = Release|Any CPU
		{42228C7C-9862-4043-9424-11EF1E8B7744}.Release|iPhone.ActiveCfg = Release|Any CPU
		{42228C7C-9862-4043-9424-11EF1E8B7744}.Release|iPhone.Build.0 = Release|Any CPU
		{42228C7C-9862-4043-9424-11EF1E8B7744}.Release|iPhoneSimulator.ActiveCfg = Release|Any CPU
		{42228C7C-9862-4043-9424-11EF1E8B7744}.Release|iPhoneSimulator.Build.0 = Release|Any CPU
		{42228C7C-9862-4043-9424-11EF1E8B7744}.Release|x64.ActiveCfg = Release|Any CPU
		{42228C7C-9862-4043-9424-11EF1E8B7744}.Release|x64.Build.0 = Release|Any CPU
		{42228C7C-9862-4043-9424-11EF1E8B7744}.Release|x86.ActiveCfg = Release|Any CPU
		{42228C7C-9862-4043-9424-11EF1E8B7744}.Release|x86.Build.0 = Release|Any CPU
		{DF5EF781-5115-46DD-8AC3-C4A592BACFC8}.Ad-Hoc|Any CPU.ActiveCfg = Release|x86
		{DF5EF781-5115-46DD-8AC3-C4A592BACFC8}.Ad-Hoc|Any CPU.Build.0 = Release|x86
		{DF5EF781-5115-46DD-8AC3-C4A592BACFC8}.Ad-Hoc|Any CPU.Deploy.0 = Release|x86
		{DF5EF781-5115-46DD-8AC3-C4A592BACFC8}.Ad-Hoc|ARM.ActiveCfg = Release|ARM
		{DF5EF781-5115-46DD-8AC3-C4A592BACFC8}.Ad-Hoc|ARM.Build.0 = Release|ARM
		{DF5EF781-5115-46DD-8AC3-C4A592BACFC8}.Ad-Hoc|ARM.Deploy.0 = Release|ARM
		{DF5EF781-5115-46DD-8AC3-C4A592BACFC8}.Ad-Hoc|iPhone.ActiveCfg = Release|x86
		{DF5EF781-5115-46DD-8AC3-C4A592BACFC8}.Ad-Hoc|iPhone.Build.0 = Release|x86
		{DF5EF781-5115-46DD-8AC3-C4A592BACFC8}.Ad-Hoc|iPhone.Deploy.0 = Release|x86
		{DF5EF781-5115-46DD-8AC3-C4A592BACFC8}.Ad-Hoc|iPhoneSimulator.ActiveCfg = Release|x86
		{DF5EF781-5115-46DD-8AC3-C4A592BACFC8}.Ad-Hoc|iPhoneSimulator.Build.0 = Release|x86
		{DF5EF781-5115-46DD-8AC3-C4A592BACFC8}.Ad-Hoc|iPhoneSimulator.Deploy.0 = Release|x86
		{DF5EF781-5115-46DD-8AC3-C4A592BACFC8}.Ad-Hoc|x64.ActiveCfg = Release|x64
		{DF5EF781-5115-46DD-8AC3-C4A592BACFC8}.Ad-Hoc|x64.Build.0 = Release|x64
		{DF5EF781-5115-46DD-8AC3-C4A592BACFC8}.Ad-Hoc|x64.Deploy.0 = Release|x64
		{DF5EF781-5115-46DD-8AC3-C4A592BACFC8}.Ad-Hoc|x86.ActiveCfg = Release|x86
		{DF5EF781-5115-46DD-8AC3-C4A592BACFC8}.Ad-Hoc|x86.Build.0 = Release|x86
		{DF5EF781-5115-46DD-8AC3-C4A592BACFC8}.Ad-Hoc|x86.Deploy.0 = Release|x86
		{DF5EF781-5115-46DD-8AC3-C4A592BACFC8}.AppStore|Any CPU.ActiveCfg = Release|x86
		{DF5EF781-5115-46DD-8AC3-C4A592BACFC8}.AppStore|Any CPU.Build.0 = Release|x86
		{DF5EF781-5115-46DD-8AC3-C4A592BACFC8}.AppStore|Any CPU.Deploy.0 = Release|x86
		{DF5EF781-5115-46DD-8AC3-C4A592BACFC8}.AppStore|ARM.ActiveCfg = Release|ARM
		{DF5EF781-5115-46DD-8AC3-C4A592BACFC8}.AppStore|ARM.Build.0 = Release|ARM
		{DF5EF781-5115-46DD-8AC3-C4A592BACFC8}.AppStore|ARM.Deploy.0 = Release|ARM
		{DF5EF781-5115-46DD-8AC3-C4A592BACFC8}.AppStore|iPhone.ActiveCfg = Release|x86
		{DF5EF781-5115-46DD-8AC3-C4A592BACFC8}.AppStore|iPhone.Build.0 = Release|x86
		{DF5EF781-5115-46DD-8AC3-C4A592BACFC8}.AppStore|iPhone.Deploy.0 = Release|x86
		{DF5EF781-5115-46DD-8AC3-C4A592BACFC8}.AppStore|iPhoneSimulator.ActiveCfg = Release|x86
		{DF5EF781-5115-46DD-8AC3-C4A592BACFC8}.AppStore|iPhoneSimulator.Build.0 = Release|x86
		{DF5EF781-5115-46DD-8AC3-C4A592BACFC8}.AppStore|iPhoneSimulator.Deploy.0 = Release|x86
		{DF5EF781-5115-46DD-8AC3-C4A592BACFC8}.AppStore|x64.ActiveCfg = Release|x64
		{DF5EF781-5115-46DD-8AC3-C4A592BACFC8}.AppStore|x64.Build.0 = Release|x64
		{DF5EF781-5115-46DD-8AC3-C4A592BACFC8}.AppStore|x64.Deploy.0 = Release|x64
		{DF5EF781-5115-46DD-8AC3-C4A592BACFC8}.AppStore|x86.ActiveCfg = Release|x86
		{DF5EF781-5115-46DD-8AC3-C4A592BACFC8}.AppStore|x86.Build.0 = Release|x86
		{DF5EF781-5115-46DD-8AC3-C4A592BACFC8}.AppStore|x86.Deploy.0 = Release|x86
		{DF5EF781-5115-46DD-8AC3-C4A592BACFC8}.Debug|Any CPU.ActiveCfg = Debug|x86
		{DF5EF781-5115-46DD-8AC3-C4A592BACFC8}.Debug|ARM.ActiveCfg = Debug|ARM
		{DF5EF781-5115-46DD-8AC3-C4A592BACFC8}.Debug|ARM.Build.0 = Debug|ARM
		{DF5EF781-5115-46DD-8AC3-C4A592BACFC8}.Debug|ARM.Deploy.0 = Debug|ARM
		{DF5EF781-5115-46DD-8AC3-C4A592BACFC8}.Debug|iPhone.ActiveCfg = Debug|x86
		{DF5EF781-5115-46DD-8AC3-C4A592BACFC8}.Debug|iPhoneSimulator.ActiveCfg = Debug|x86
		{DF5EF781-5115-46DD-8AC3-C4A592BACFC8}.Debug|x64.ActiveCfg = Debug|x64
		{DF5EF781-5115-46DD-8AC3-C4A592BACFC8}.Debug|x64.Build.0 = Debug|x64
		{DF5EF781-5115-46DD-8AC3-C4A592BACFC8}.Debug|x64.Deploy.0 = Debug|x64
		{DF5EF781-5115-46DD-8AC3-C4A592BACFC8}.Debug|x86.ActiveCfg = Debug|x86
		{DF5EF781-5115-46DD-8AC3-C4A592BACFC8}.Debug|x86.Build.0 = Debug|x86
		{DF5EF781-5115-46DD-8AC3-C4A592BACFC8}.Debug|x86.Deploy.0 = Debug|x86
		{DF5EF781-5115-46DD-8AC3-C4A592BACFC8}.Release|Any CPU.ActiveCfg = Release|x86
		{DF5EF781-5115-46DD-8AC3-C4A592BACFC8}.Release|ARM.ActiveCfg = Release|ARM
		{DF5EF781-5115-46DD-8AC3-C4A592BACFC8}.Release|ARM.Build.0 = Release|ARM
		{DF5EF781-5115-46DD-8AC3-C4A592BACFC8}.Release|ARM.Deploy.0 = Release|ARM
		{DF5EF781-5115-46DD-8AC3-C4A592BACFC8}.Release|iPhone.ActiveCfg = Release|x86
		{DF5EF781-5115-46DD-8AC3-C4A592BACFC8}.Release|iPhoneSimulator.ActiveCfg = Release|x86
		{DF5EF781-5115-46DD-8AC3-C4A592BACFC8}.Release|x64.ActiveCfg = Release|x64
		{DF5EF781-5115-46DD-8AC3-C4A592BACFC8}.Release|x64.Build.0 = Release|x64
		{DF5EF781-5115-46DD-8AC3-C4A592BACFC8}.Release|x64.Deploy.0 = Release|x64
		{DF5EF781-5115-46DD-8AC3-C4A592BACFC8}.Release|x86.ActiveCfg = Release|x86
		{DF5EF781-5115-46DD-8AC3-C4A592BACFC8}.Release|x86.Build.0 = Release|x86
		{DF5EF781-5115-46DD-8AC3-C4A592BACFC8}.Release|x86.Deploy.0 = Release|x86
		{ADAA1A2E-C181-4039-80FD-DD2F8649B78F}.Ad-Hoc|Any CPU.ActiveCfg = Ad-Hoc|iPhone
		{ADAA1A2E-C181-4039-80FD-DD2F8649B78F}.Ad-Hoc|ARM.ActiveCfg = Ad-Hoc|iPhone
		{ADAA1A2E-C181-4039-80FD-DD2F8649B78F}.Ad-Hoc|iPhone.ActiveCfg = Ad-Hoc|iPhone
		{ADAA1A2E-C181-4039-80FD-DD2F8649B78F}.Ad-Hoc|iPhone.Build.0 = Ad-Hoc|iPhone
		{ADAA1A2E-C181-4039-80FD-DD2F8649B78F}.Ad-Hoc|iPhoneSimulator.ActiveCfg = Ad-Hoc|iPhoneSimulator
		{ADAA1A2E-C181-4039-80FD-DD2F8649B78F}.Ad-Hoc|iPhoneSimulator.Build.0 = Ad-Hoc|iPhoneSimulator
		{ADAA1A2E-C181-4039-80FD-DD2F8649B78F}.Ad-Hoc|x64.ActiveCfg = Ad-Hoc|iPhone
		{ADAA1A2E-C181-4039-80FD-DD2F8649B78F}.Ad-Hoc|x86.ActiveCfg = Ad-Hoc|iPhone
		{ADAA1A2E-C181-4039-80FD-DD2F8649B78F}.AppStore|Any CPU.ActiveCfg = AppStore|iPhone
		{ADAA1A2E-C181-4039-80FD-DD2F8649B78F}.AppStore|ARM.ActiveCfg = AppStore|iPhone
		{ADAA1A2E-C181-4039-80FD-DD2F8649B78F}.AppStore|iPhone.ActiveCfg = AppStore|iPhone
		{ADAA1A2E-C181-4039-80FD-DD2F8649B78F}.AppStore|iPhone.Build.0 = AppStore|iPhone
		{ADAA1A2E-C181-4039-80FD-DD2F8649B78F}.AppStore|iPhoneSimulator.ActiveCfg = AppStore|iPhoneSimulator
		{ADAA1A2E-C181-4039-80FD-DD2F8649B78F}.AppStore|iPhoneSimulator.Build.0 = AppStore|iPhoneSimulator
		{ADAA1A2E-C181-4039-80FD-DD2F8649B78F}.AppStore|x64.ActiveCfg = AppStore|iPhone
		{ADAA1A2E-C181-4039-80FD-DD2F8649B78F}.AppStore|x86.ActiveCfg = AppStore|iPhone
		{ADAA1A2E-C181-4039-80FD-DD2F8649B78F}.Debug|Any CPU.ActiveCfg = Debug|iPhone
		{ADAA1A2E-C181-4039-80FD-DD2F8649B78F}.Debug|ARM.ActiveCfg = Debug|iPhone
		{ADAA1A2E-C181-4039-80FD-DD2F8649B78F}.Debug|iPhone.ActiveCfg = Debug|iPhone
		{ADAA1A2E-C181-4039-80FD-DD2F8649B78F}.Debug|iPhone.Build.0 = Debug|iPhone
		{ADAA1A2E-C181-4039-80FD-DD2F8649B78F}.Debug|iPhoneSimulator.ActiveCfg = Debug|iPhoneSimulator
		{ADAA1A2E-C181-4039-80FD-DD2F8649B78F}.Debug|iPhoneSimulator.Build.0 = Debug|iPhoneSimulator
		{ADAA1A2E-C181-4039-80FD-DD2F8649B78F}.Debug|x64.ActiveCfg = Debug|iPhone
		{ADAA1A2E-C181-4039-80FD-DD2F8649B78F}.Debug|x86.ActiveCfg = Debug|iPhone
		{ADAA1A2E-C181-4039-80FD-DD2F8649B78F}.Release|Any CPU.ActiveCfg = Release|iPhone
		{ADAA1A2E-C181-4039-80FD-DD2F8649B78F}.Release|ARM.ActiveCfg = Release|iPhone
		{ADAA1A2E-C181-4039-80FD-DD2F8649B78F}.Release|iPhone.ActiveCfg = Release|iPhone
		{ADAA1A2E-C181-4039-80FD-DD2F8649B78F}.Release|iPhone.Build.0 = Release|iPhone
		{ADAA1A2E-C181-4039-80FD-DD2F8649B78F}.Release|iPhoneSimulator.ActiveCfg = Release|iPhoneSimulator
		{ADAA1A2E-C181-4039-80FD-DD2F8649B78F}.Release|iPhoneSimulator.Build.0 = Release|iPhoneSimulator
		{ADAA1A2E-C181-4039-80FD-DD2F8649B78F}.Release|x64.ActiveCfg = Release|iPhone
		{ADAA1A2E-C181-4039-80FD-DD2F8649B78F}.Release|x86.ActiveCfg = Release|iPhone
	EndGlobalSection
	GlobalSection(SolutionProperties) = preSolution
		HideSolutionNode = FALSE
	EndGlobalSection
EndGlobal
